// !$*UTF8*$!
{
	archiveVersion = 1;
	classes = {
	};
	objectVersion = 50;
	objects = {

/* Begin PBXBuildFile section */
		9CBA66D9267BCAC6006E8670 /* AppDelegate.swift in Sources */ = {isa = PBXBuildFile; fileRef = 9CBA66D8267BCAC6006E8670 /* AppDelegate.swift */; };
		9CBA66DB267BCAC6006E8670 /* SceneDelegate.swift in Sources */ = {isa = PBXBuildFile; fileRef = 9CBA66DA267BCAC6006E8670 /* SceneDelegate.swift */; };
		9CBA66DD267BCAC6006E8670 /* ViewController.swift in Sources */ = {isa = PBXBuildFile; fileRef = 9CBA66DC267BCAC6006E8670 /* ViewController.swift */; };
		9CBA66E0267BCAC6006E8670 /* Main.storyboard in Resources */ = {isa = PBXBuildFile; fileRef = 9CBA66DE267BCAC6006E8670 /* Main.storyboard */; };
		9CBA66E2267BCACC006E8670 /* Assets.xcassets in Resources */ = {isa = PBXBuildFile; fileRef = 9CBA66E1267BCACC006E8670 /* Assets.xcassets */; };
		9CBA66E5267BCACC006E8670 /* LaunchScreen.storyboard in Resources */ = {isa = PBXBuildFile; fileRef = 9CBA66E3267BCACC006E8670 /* LaunchScreen.storyboard */; };
		9CBA66F0267BCACD006E8670 /* gameDealsAppTests.swift in Sources */ = {isa = PBXBuildFile; fileRef = 9CBA66EF267BCACD006E8670 /* gameDealsAppTests.swift */; };
		9CBA66FB267BCACD006E8670 /* gameDealsAppUITests.swift in Sources */ = {isa = PBXBuildFile; fileRef = 9CBA66FA267BCACD006E8670 /* gameDealsAppUITests.swift */; };
/* End PBXBuildFile section */

/* Begin PBXContainerItemProxy section */
		9CBA66EC267BCACD006E8670 /* PBXContainerItemProxy */ = {
			isa = PBXContainerItemProxy;
			containerPortal = 9CBA66CD267BCAC6006E8670 /* Project object */;
			proxyType = 1;
			remoteGlobalIDString = 9CBA66D4267BCAC6006E8670;
			remoteInfo = gameDealsApp;
		};
		9CBA66F7267BCACD006E8670 /* PBXContainerItemProxy */ = {
			isa = PBXContainerItemProxy;
			containerPortal = 9CBA66CD267BCAC6006E8670 /* Project object */;
			proxyType = 1;
			remoteGlobalIDString = 9CBA66D4267BCAC6006E8670;
			remoteInfo = gameDealsApp;
		};
/* End PBXContainerItemProxy section */

/* Begin PBXFileReference section */
		9CBA66D5267BCAC6006E8670 /* gameDealsApp.app */ = {isa = PBXFileReference; explicitFileType = wrapper.application; includeInIndex = 0; path = gameDealsApp.app; sourceTree = BUILT_PRODUCTS_DIR; };
		9CBA66D8267BCAC6006E8670 /* AppDelegate.swift */ = {isa = PBXFileReference; lastKnownFileType = sourcecode.swift; path = AppDelegate.swift; sourceTree = "<group>"; };
		9CBA66DA267BCAC6006E8670 /* SceneDelegate.swift */ = {isa = PBXFileReference; lastKnownFileType = sourcecode.swift; path = SceneDelegate.swift; sourceTree = "<group>"; };
		9CBA66DC267BCAC6006E8670 /* ViewController.swift */ = {isa = PBXFileReference; lastKnownFileType = sourcecode.swift; path = ViewController.swift; sourceTree = "<group>"; };
		9CBA66DF267BCAC6006E8670 /* Base */ = {isa = PBXFileReference; lastKnownFileType = file.storyboard; name = Base; path = Base.lproj/Main.storyboard; sourceTree = "<group>"; };
		9CBA66E1267BCACC006E8670 /* Assets.xcassets */ = {isa = PBXFileReference; lastKnownFileType = folder.assetcatalog; path = Assets.xcassets; sourceTree = "<group>"; };
		9CBA66E4267BCACC006E8670 /* Base */ = {isa = PBXFileReference; lastKnownFileType = file.storyboard; name = Base; path = Base.lproj/LaunchScreen.storyboard; sourceTree = "<group>"; };
		9CBA66E6267BCACC006E8670 /* Info.plist */ = {isa = PBXFileReference; lastKnownFileType = text.plist.xml; path = Info.plist; sourceTree = "<group>"; };
		9CBA66EB267BCACD006E8670 /* gameDealsAppTests.xctest */ = {isa = PBXFileReference; explicitFileType = wrapper.cfbundle; includeInIndex = 0; path = gameDealsAppTests.xctest; sourceTree = BUILT_PRODUCTS_DIR; };
		9CBA66EF267BCACD006E8670 /* gameDealsAppTests.swift */ = {isa = PBXFileReference; lastKnownFileType = sourcecode.swift; path = gameDealsAppTests.swift; sourceTree = "<group>"; };
		9CBA66F1267BCACD006E8670 /* Info.plist */ = {isa = PBXFileReference; lastKnownFileType = text.plist.xml; path = Info.plist; sourceTree = "<group>"; };
		9CBA66F6267BCACD006E8670 /* gameDealsAppUITests.xctest */ = {isa = PBXFileReference; explicitFileType = wrapper.cfbundle; includeInIndex = 0; path = gameDealsAppUITests.xctest; sourceTree = BUILT_PRODUCTS_DIR; };
		9CBA66FA267BCACD006E8670 /* gameDealsAppUITests.swift */ = {isa = PBXFileReference; lastKnownFileType = sourcecode.swift; path = gameDealsAppUITests.swift; sourceTree = "<group>"; };
		9CBA66FC267BCACD006E8670 /* Info.plist */ = {isa = PBXFileReference; lastKnownFileType = text.plist.xml; path = Info.plist; sourceTree = "<group>"; };
/* End PBXFileReference section */

/* Begin PBXFrameworksBuildPhase section */
		9CBA66D2267BCAC6006E8670 /* Frameworks */ = {
			isa = PBXFrameworksBuildPhase;
			buildActionMask = 2147483647;
			files = (
			);
			runOnlyForDeploymentPostprocessing = 0;
		};
		9CBA66E8267BCACD006E8670 /* Frameworks */ = {
			isa = PBXFrameworksBuildPhase;
			buildActionMask = 2147483647;
			files = (
			);
			runOnlyForDeploymentPostprocessing = 0;
		};
		9CBA66F3267BCACD006E8670 /* Frameworks */ = {
			isa = PBXFrameworksBuildPhase;
			buildActionMask = 2147483647;
			files = (
			);
			runOnlyForDeploymentPostprocessing = 0;
		};
/* End PBXFrameworksBuildPhase section */

/* Begin PBXGroup section */
		9CBA66CC267BCAC6006E8670 = {
			isa = PBXGroup;
			children = (
				9CBA66D7267BCAC6006E8670 /* gameDealsApp */,
				9CBA66EE267BCACD006E8670 /* gameDealsAppTests */,
				9CBA66F9267BCACD006E8670 /* gameDealsAppUITests */,
				9CBA66D6267BCAC6006E8670 /* Products */,
			);
			sourceTree = "<group>";
		};
		9CBA66D6267BCAC6006E8670 /* Products */ = {
			isa = PBXGroup;
			children = (
				9CBA66D5267BCAC6006E8670 /* gameDealsApp.app */,
				9CBA66EB267BCACD006E8670 /* gameDealsAppTests.xctest */,
				9CBA66F6267BCACD006E8670 /* gameDealsAppUITests.xctest */,
			);
			name = Products;
			sourceTree = "<group>";
		};
		9CBA66D7267BCAC6006E8670 /* gameDealsApp */ = {
			isa = PBXGroup;
			children = (
				9CBA66D8267BCAC6006E8670 /* AppDelegate.swift */,
				9CBA66DA267BCAC6006E8670 /* SceneDelegate.swift */,
				9CBA66DC267BCAC6006E8670 /* ViewController.swift */,
				9CBA66DE267BCAC6006E8670 /* Main.storyboard */,
				9CBA66E1267BCACC006E8670 /* Assets.xcassets */,
				9CBA66E3267BCACC006E8670 /* LaunchScreen.storyboard */,
				9CBA66E6267BCACC006E8670 /* Info.plist */,
			);
			path = gameDealsApp;
			sourceTree = "<group>";
		};
		9CBA66EE267BCACD006E8670 /* gameDealsAppTests */ = {
			isa = PBXGroup;
			children = (
				9CBA66EF267BCACD006E8670 /* gameDealsAppTests.swift */,
				9CBA66F1267BCACD006E8670 /* Info.plist */,
			);
			path = gameDealsAppTests;
			sourceTree = "<group>";
		};
		9CBA66F9267BCACD006E8670 /* gameDealsAppUITests */ = {
			isa = PBXGroup;
			children = (
				9CBA66FA267BCACD006E8670 /* gameDealsAppUITests.swift */,
				9CBA66FC267BCACD006E8670 /* Info.plist */,
			);
			path = gameDealsAppUITests;
			sourceTree = "<group>";
		};
/* End PBXGroup section */

/* Begin PBXNativeTarget section */
		9CBA66D4267BCAC6006E8670 /* gameDealsApp */ = {
			isa = PBXNativeTarget;
			buildConfigurationList = 9CBA66FF267BCACD006E8670 /* Build configuration list for PBXNativeTarget "gameDealsApp" */;
			buildPhases = (
				9CBA66D1267BCAC6006E8670 /* Sources */,
				9CBA66D2267BCAC6006E8670 /* Frameworks */,
				9CBA66D3267BCAC6006E8670 /* Resources */,
			);
			buildRules = (
			);
			dependencies = (
			);
			name = gameDealsApp;
			productName = gameDealsApp;
			productReference = 9CBA66D5267BCAC6006E8670 /* gameDealsApp.app */;
			productType = "com.apple.product-type.application";
		};
		9CBA66EA267BCACD006E8670 /* gameDealsAppTests */ = {
			isa = PBXNativeTarget;
			buildConfigurationList = 9CBA6702267BCACD006E8670 /* Build configuration list for PBXNativeTarget "gameDealsAppTests" */;
			buildPhases = (
				9CBA66E7267BCACD006E8670 /* Sources */,
				9CBA66E8267BCACD006E8670 /* Frameworks */,
				9CBA66E9267BCACD006E8670 /* Resources */,
			);
			buildRules = (
			);
			dependencies = (
				9CBA66ED267BCACD006E8670 /* PBXTargetDependency */,
			);
			name = gameDealsAppTests;
			productName = gameDealsAppTests;
			productReference = 9CBA66EB267BCACD006E8670 /* gameDealsAppTests.xctest */;
			productType = "com.apple.product-type.bundle.unit-test";
		};
		9CBA66F5267BCACD006E8670 /* gameDealsAppUITests */ = {
			isa = PBXNativeTarget;
			buildConfigurationList = 9CBA6705267BCACD006E8670 /* Build configuration list for PBXNativeTarget "gameDealsAppUITests" */;
			buildPhases = (
				9CBA66F2267BCACD006E8670 /* Sources */,
				9CBA66F3267BCACD006E8670 /* Frameworks */,
				9CBA66F4267BCACD006E8670 /* Resources */,
			);
			buildRules = (
			);
			dependencies = (
				9CBA66F8267BCACD006E8670 /* PBXTargetDependency */,
			);
			name = gameDealsAppUITests;
			productName = gameDealsAppUITests;
			productReference = 9CBA66F6267BCACD006E8670 /* gameDealsAppUITests.xctest */;
			productType = "com.apple.product-type.bundle.ui-testing";
		};
/* End PBXNativeTarget section */

/* Begin PBXProject section */
		9CBA66CD267BCAC6006E8670 /* Project object */ = {
			isa = PBXProject;
			attributes = {
				LastSwiftUpdateCheck = 1250;
				LastUpgradeCheck = 1250;
				TargetAttributes = {
					9CBA66D4267BCAC6006E8670 = {
						CreatedOnToolsVersion = 12.5;
					};
					9CBA66EA267BCACD006E8670 = {
						CreatedOnToolsVersion = 12.5;
						TestTargetID = 9CBA66D4267BCAC6006E8670;
					};
					9CBA66F5267BCACD006E8670 = {
						CreatedOnToolsVersion = 12.5;
						TestTargetID = 9CBA66D4267BCAC6006E8670;
					};
				};
			};
			buildConfigurationList = 9CBA66D0267BCAC6006E8670 /* Build configuration list for PBXProject "gameDealsApp" */;
			compatibilityVersion = "Xcode 9.3";
			developmentRegion = en;
			hasScannedForEncodings = 0;
			knownRegions = (
				en,
				Base,
			);
			mainGroup = 9CBA66CC267BCAC6006E8670;
			productRefGroup = 9CBA66D6267BCAC6006E8670 /* Products */;
			projectDirPath = "";
			projectRoot = "";
			targets = (
				9CBA66D4267BCAC6006E8670 /* gameDealsApp */,
				9CBA66EA267BCACD006E8670 /* gameDealsAppTests */,
				9CBA66F5267BCACD006E8670 /* gameDealsAppUITests */,
			);
		};
/* End PBXProject section */

/* Begin PBXResourcesBuildPhase section */
		9CBA66D3267BCAC6006E8670 /* Resources */ = {
			isa = PBXResourcesBuildPhase;
			buildActionMask = 2147483647;
			files = (
				9CBA66E5267BCACC006E8670 /* LaunchScreen.storyboard in Resources */,
				9CBA66E2267BCACC006E8670 /* Assets.xcassets in Resources */,
				9CBA66E0267BCAC6006E8670 /* Main.storyboard in Resources */,
			);
			runOnlyForDeploymentPostprocessing = 0;
		};
		9CBA66E9267BCACD006E8670 /* Resources */ = {
			isa = PBXResourcesBuildPhase;
			buildActionMask = 2147483647;
			files = (
			);
			runOnlyForDeploymentPostprocessing = 0;
		};
		9CBA66F4267BCACD006E8670 /* Resources */ = {
			isa = PBXResourcesBuildPhase;
			buildActionMask = 2147483647;
			files = (
			);
			runOnlyForDeploymentPostprocessing = 0;
		};
/* End PBXResourcesBuildPhase section */

/* Begin PBXSourcesBuildPhase section */
		9CBA66D1267BCAC6006E8670 /* Sources */ = {
			isa = PBXSourcesBuildPhase;
			buildActionMask = 2147483647;
			files = (
				9CBA66DD267BCAC6006E8670 /* ViewController.swift in Sources */,
				9CBA66D9267BCAC6006E8670 /* AppDelegate.swift in Sources */,
				9CBA66DB267BCAC6006E8670 /* SceneDelegate.swift in Sources */,
			);
			runOnlyForDeploymentPostprocessing = 0;
		};
		9CBA66E7267BCACD006E8670 /* Sources */ = {
			isa = PBXSourcesBuildPhase;
			buildActionMask = 2147483647;
			files = (
				9CBA66F0267BCACD006E8670 /* gameDealsAppTests.swift in Sources */,
			);
			runOnlyForDeploymentPostprocessing = 0;
		};
		9CBA66F2267BCACD006E8670 /* Sources */ = {
			isa = PBXSourcesBuildPhase;
			buildActionMask = 2147483647;
			files = (
				9CBA66FB267BCACD006E8670 /* gameDealsAppUITests.swift in Sources */,
			);
			runOnlyForDeploymentPostprocessing = 0;
		};
/* End PBXSourcesBuildPhase section */

/* Begin PBXTargetDependency section */
		9CBA66ED267BCACD006E8670 /* PBXTargetDependency */ = {
			isa = PBXTargetDependency;
			target = 9CBA66D4267BCAC6006E8670 /* gameDealsApp */;
			targetProxy = 9CBA66EC267BCACD006E8670 /* PBXContainerItemProxy */;
		};
		9CBA66F8267BCACD006E8670 /* PBXTargetDependency */ = {
			isa = PBXTargetDependency;
			target = 9CBA66D4267BCAC6006E8670 /* gameDealsApp */;
			targetProxy = 9CBA66F7267BCACD006E8670 /* PBXContainerItemProxy */;
		};
/* End PBXTargetDependency section */

/* Begin PBXVariantGroup section */
		9CBA66DE267BCAC6006E8670 /* Main.storyboard */ = {
			isa = PBXVariantGroup;
			children = (
				9CBA66DF267BCAC6006E8670 /* Base */,
			);
			name = Main.storyboard;
			sourceTree = "<group>";
		};
		9CBA66E3267BCACC006E8670 /* LaunchScreen.storyboard */ = {
			isa = PBXVariantGroup;
			children = (
				9CBA66E4267BCACC006E8670 /* Base */,
			);
			name = LaunchScreen.storyboard;
			sourceTree = "<group>";
		};
/* End PBXVariantGroup section */

/* Begin XCBuildConfiguration section */
		9CBA66FD267BCACD006E8670 /* Debug */ = {
			isa = XCBuildConfiguration;
			buildSettings = {
				ALWAYS_SEARCH_USER_PATHS = NO;
				CLANG_ANALYZER_NONNULL = YES;
				CLANG_ANALYZER_NUMBER_OBJECT_CONVERSION = YES_AGGRESSIVE;
				CLANG_CXX_LANGUAGE_STANDARD = "gnu++14";
				CLANG_CXX_LIBRARY = "libc++";
				CLANG_ENABLE_MODULES = YES;
				CLANG_ENABLE_OBJC_ARC = YES;
				CLANG_ENABLE_OBJC_WEAK = YES;
				CLANG_WARN_BLOCK_CAPTURE_AUTORELEASING = YES;
				CLANG_WARN_BOOL_CONVERSION = YES;
				CLANG_WARN_COMMA = YES;
				CLANG_WARN_CONSTANT_CONVERSION = YES;
				CLANG_WARN_DEPRECATED_OBJC_IMPLEMENTATIONS = YES;
				CLANG_WARN_DIRECT_OBJC_ISA_USAGE = YES_ERROR;
				CLANG_WARN_DOCUMENTATION_COMMENTS = YES;
				CLANG_WARN_EMPTY_BODY = YES;
				CLANG_WARN_ENUM_CONVERSION = YES;
				CLANG_WARN_INFINITE_RECURSION = YES;
				CLANG_WARN_INT_CONVERSION = YES;
				CLANG_WARN_NON_LITERAL_NULL_CONVERSION = YES;
				CLANG_WARN_OBJC_IMPLICIT_RETAIN_SELF = YES;
				CLANG_WARN_OBJC_LITERAL_CONVERSION = YES;
				CLANG_WARN_OBJC_ROOT_CLASS = YES_ERROR;
				CLANG_WARN_QUOTED_INCLUDE_IN_FRAMEWORK_HEADER = YES;
				CLANG_WARN_RANGE_LOOP_ANALYSIS = YES;
				CLANG_WARN_STRICT_PROTOTYPES = YES;
				CLANG_WARN_SUSPICIOUS_MOVE = YES;
				CLANG_WARN_UNGUARDED_AVAILABILITY = YES_AGGRESSIVE;
				CLANG_WARN_UNREACHABLE_CODE = YES;
				CLANG_WARN__DUPLICATE_METHOD_MATCH = YES;
				COPY_PHASE_STRIP = NO;
				DEBUG_INFORMATION_FORMAT = dwarf;
				ENABLE_STRICT_OBJC_MSGSEND = YES;
				ENABLE_TESTABILITY = YES;
				GCC_C_LANGUAGE_STANDARD = gnu11;
				GCC_DYNAMIC_NO_PIC = NO;
				GCC_NO_COMMON_BLOCKS = YES;
				GCC_OPTIMIZATION_LEVEL = 0;
				GCC_PREPROCESSOR_DEFINITIONS = (
					"DEBUG=1",
					"$(inherited)",
				);
				GCC_WARN_64_TO_32_BIT_CONVERSION = YES;
				GCC_WARN_ABOUT_RETURN_TYPE = YES_ERROR;
				GCC_WARN_UNDECLARED_SELECTOR = YES;
				GCC_WARN_UNINITIALIZED_AUTOS = YES_AGGRESSIVE;
				GCC_WARN_UNUSED_FUNCTION = YES;
				GCC_WARN_UNUSED_VARIABLE = YES;
				IPHONEOS_DEPLOYMENT_TARGET = 14.5;
				MTL_ENABLE_DEBUG_INFO = INCLUDE_SOURCE;
				MTL_FAST_MATH = YES;
				ONLY_ACTIVE_ARCH = YES;
				SDKROOT = iphoneos;
				SWIFT_ACTIVE_COMPILATION_CONDITIONS = DEBUG;
				SWIFT_OPTIMIZATION_LEVEL = "-Onone";
			};
			name = Debug;
		};
		9CBA66FE267BCACD006E8670 /* Release */ = {
			isa = XCBuildConfiguration;
			buildSettings = {
				ALWAYS_SEARCH_USER_PATHS = NO;
				CLANG_ANALYZER_NONNULL = YES;
				CLANG_ANALYZER_NUMBER_OBJECT_CONVERSION = YES_AGGRESSIVE;
				CLANG_CXX_LANGUAGE_STANDARD = "gnu++14";
				CLANG_CXX_LIBRARY = "libc++";
				CLANG_ENABLE_MODULES = YES;
				CLANG_ENABLE_OBJC_ARC = YES;
				CLANG_ENABLE_OBJC_WEAK = YES;
				CLANG_WARN_BLOCK_CAPTURE_AUTORELEASING = YES;
				CLANG_WARN_BOOL_CONVERSION = YES;
				CLANG_WARN_COMMA = YES;
				CLANG_WARN_CONSTANT_CONVERSION = YES;
				CLANG_WARN_DEPRECATED_OBJC_IMPLEMENTATIONS = YES;
				CLANG_WARN_DIRECT_OBJC_ISA_USAGE = YES_ERROR;
				CLANG_WARN_DOCUMENTATION_COMMENTS = YES;
				CLANG_WARN_EMPTY_BODY = YES;
				CLANG_WARN_ENUM_CONVERSION = YES;
				CLANG_WARN_INFINITE_RECURSION = YES;
				CLANG_WARN_INT_CONVERSION = YES;
				CLANG_WARN_NON_LITERAL_NULL_CONVERSION = YES;
				CLANG_WARN_OBJC_IMPLICIT_RETAIN_SELF = YES;
				CLANG_WARN_OBJC_LITERAL_CONVERSION = YES;
				CLANG_WARN_OBJC_ROOT_CLASS = YES_ERROR;
				CLANG_WARN_QUOTED_INCLUDE_IN_FRAMEWORK_HEADER = YES;
				CLANG_WARN_RANGE_LOOP_ANALYSIS = YES;
				CLANG_WARN_STRICT_PROTOTYPES = YES;
				CLANG_WARN_SUSPICIOUS_MOVE = YES;
				CLANG_WARN_UNGUARDED_AVAILABILITY = YES_AGGRESSIVE;
				CLANG_WARN_UNREACHABLE_CODE = YES;
				CLANG_WARN__DUPLICATE_METHOD_MATCH = YES;
				COPY_PHASE_STRIP = NO;
				DEBUG_INFORMATION_FORMAT = "dwarf-with-dsym";
				ENABLE_NS_ASSERTIONS = NO;
				ENABLE_STRICT_OBJC_MSGSEND = YES;
				GCC_C_LANGUAGE_STANDARD = gnu11;
				GCC_NO_COMMON_BLOCKS = YES;
				GCC_WARN_64_TO_32_BIT_CONVERSION = YES;
				GCC_WARN_ABOUT_RETURN_TYPE = YES_ERROR;
				GCC_WARN_UNDECLARED_SELECTOR = YES;
				GCC_WARN_UNINITIALIZED_AUTOS = YES_AGGRESSIVE;
				GCC_WARN_UNUSED_FUNCTION = YES;
				GCC_WARN_UNUSED_VARIABLE = YES;
				IPHONEOS_DEPLOYMENT_TARGET = 14.5;
				MTL_ENABLE_DEBUG_INFO = NO;
				MTL_FAST_MATH = YES;
				SDKROOT = iphoneos;
				SWIFT_COMPILATION_MODE = wholemodule;
				SWIFT_OPTIMIZATION_LEVEL = "-O";
				VALIDATE_PRODUCT = YES;
			};
			name = Release;
		};
		9CBA6700267BCACD006E8670 /* Debug */ = {
			isa = XCBuildConfiguration;
			buildSettings = {
				ASSETCATALOG_COMPILER_APPICON_NAME = AppIcon;
				ASSETCATALOG_COMPILER_GLOBAL_ACCENT_COLOR_NAME = AccentColor;
				CODE_SIGN_STYLE = Automatic;
				INFOPLIST_FILE = gameDealsApp/Info.plist;
				LD_RUNPATH_SEARCH_PATHS = (
					"$(inherited)",
					"@executable_path/Frameworks",
				);
				PRODUCT_BUNDLE_IDENTIFIER = deyvidyfs.gameDealsApp;
				PRODUCT_NAME = "$(TARGET_NAME)";
				SWIFT_VERSION = 5.0;
				TARGETED_DEVICE_FAMILY = "1,2";
			};
			name = Debug;
		};
		9CBA6701267BCACD006E8670 /* Release */ = {
			isa = XCBuildConfiguration;
			buildSettings = {
				ASSETCATALOG_COMPILER_APPICON_NAME = AppIcon;
				ASSETCATALOG_COMPILER_GLOBAL_ACCENT_COLOR_NAME = AccentColor;
				CODE_SIGN_STYLE = Automatic;
				INFOPLIST_FILE = gameDealsApp/Info.plist;
				LD_RUNPATH_SEARCH_PATHS = (
					"$(inherited)",
					"@executable_path/Frameworks",
				);
				PRODUCT_BUNDLE_IDENTIFIER = deyvidyfs.gameDealsApp;
				PRODUCT_NAME = "$(TARGET_NAME)";
				SWIFT_VERSION = 5.0;
				TARGETED_DEVICE_FAMILY = "1,2";
			};
			name = Release;
		};
		9CBA6703267BCACD006E8670 /* Debug */ = {
			isa = XCBuildConfiguration;
			buildSettings = {
				ALWAYS_EMBED_SWIFT_STANDARD_LIBRARIES = YES;
				BUNDLE_LOADER = "$(TEST_HOST)";
				CODE_SIGN_STYLE = Automatic;
				INFOPLIST_FILE = gameDealsAppTests/Info.plist;
				IPHONEOS_DEPLOYMENT_TARGET = 14.5;
				LD_RUNPATH_SEARCH_PATHS = (
					"$(inherited)",
					"@executable_path/Frameworks",
					"@loader_path/Frameworks",
				);
				PRODUCT_BUNDLE_IDENTIFIER = deyvidyfs.gameDealsAppTests;
				PRODUCT_NAME = "$(TARGET_NAME)";
				SWIFT_VERSION = 5.0;
				TARGETED_DEVICE_FAMILY = "1,2";
				TEST_HOST = "$(BUILT_PRODUCTS_DIR)/gameDealsApp.app/gameDealsApp";
			};
			name = Debug;
		};
		9CBA6704267BCACD006E8670 /* Release */ = {
			isa = XCBuildConfiguration;
			buildSettings = {
				ALWAYS_EMBED_SWIFT_STANDARD_LIBRARIES = YES;
				BUNDLE_LOADER = "$(TEST_HOST)";
				CODE_SIGN_STYLE = Automatic;
				INFOPLIST_FILE = gameDealsAppTests/Info.plist;
				IPHONEOS_DEPLOYMENT_TARGET = 14.5;
				LD_RUNPATH_SEARCH_PATHS = (
					"$(inherited)",
					"@executable_path/Frameworks",
					"@loader_path/Frameworks",
				);
				PRODUCT_BUNDLE_IDENTIFIER = deyvidyfs.gameDealsAppTests;
				PRODUCT_NAME = "$(TARGET_NAME)";
				SWIFT_VERSION = 5.0;
				TARGETED_DEVICE_FAMILY = "1,2";
				TEST_HOST = "$(BUILT_PRODUCTS_DIR)/gameDealsApp.app/gameDealsApp";
			};
			name = Release;
		};
		9CBA6706267BCACD006E8670 /* Debug */ = {
			isa = XCBuildConfiguration;
			buildSettings = {
				ALWAYS_EMBED_SWIFT_STANDARD_LIBRARIES = YES;
				CODE_SIGN_STYLE = Automatic;
				INFOPLIST_FILE = gameDealsAppUITests/Info.plist;
				LD_RUNPATH_SEARCH_PATHS = (
					"$(inherited)",
					"@executable_path/Frameworks",
					"@loader_path/Frameworks",
				);
				PRODUCT_BUNDLE_IDENTIFIER = deyvidyfs.gameDealsAppUITests;
				PRODUCT_NAME = "$(TARGET_NAME)";
				SWIFT_VERSION = 5.0;
				TARGETED_DEVICE_FAMILY = "1,2";
				TEST_TARGET_NAME = gameDealsApp;
			};
			name = Debug;
		};
		9CBA6707267BCACD006E8670 /* Release */ = {
			isa = XCBuildConfiguration;
			buildSettings = {
				ALWAYS_EMBED_SWIFT_STANDARD_LIBRARIES = YES;
				CODE_SIGN_STYLE = Automatic;
				INFOPLIST_FILE = gameDealsAppUITests/Info.plist;
				LD_RUNPATH_SEARCH_PATHS = (
					"$(inherited)",
					"@executable_path/Frameworks",
					"@loader_path/Frameworks",
				);
				PRODUCT_BUNDLE_IDENTIFIER = deyvidyfs.gameDealsAppUITests;
				PRODUCT_NAME = "$(TARGET_NAME)";
				SWIFT_VERSION = 5.0;
				TARGETED_DEVICE_FAMILY = "1,2";
				TEST_TARGET_NAME = gameDealsApp;
			};
			name = Release;
		};
/* End XCBuildConfiguration section */

/* Begin XCConfigurationList section */
		9CBA66D0267BCAC6006E8670 /* Build configuration list for PBXProject "gameDealsApp" */ = {
			isa = XCConfigurationList;
			buildConfigurations = (
				9CBA66FD267BCACD006E8670 /* Debug */,
				9CBA66FE267BCACD006E8670 /* Release */,
			);
			defaultConfigurationIsVisible = 0;
			defaultConfigurationName = Release;
		};
		9CBA66FF267BCACD006E8670 /* Build configuration list for PBXNativeTarget "gameDealsApp" */ = {
			isa = XCConfigurationList;
			buildConfigurations = (
				9CBA6700267BCACD006E8670 /* Debug */,
				9CBA6701267BCACD006E8670 /* Release */,
			);
			defaultConfigurationIsVisible = 0;
			defaultConfigurationName = Release;
		};
		9CBA6702267BCACD006E8670 /* Build configuration list for PBXNativeTarget "gameDealsAppTests" */ = {
			isa = XCConfigurationList;
			buildConfigurations = (
				9CBA6703267BCACD006E8670 /* Debug */,
				9CBA6704267BCACD006E8670 /* Release */,
			);
			defaultConfigurationIsVisible = 0;
			defaultConfigurationName = Release;
		};
		9CBA6705267BCACD006E8670 /* Build configuration list for PBXNativeTarget "gameDealsAppUITests" */ = {
			isa = XCConfigurationList;
			buildConfigurations = (
				9CBA6706267BCACD006E8670 /* Debug */,
				9CBA6707267BCACD006E8670 /* Release */,
			);
			defaultConfigurationIsVisible = 0;
			defaultConfigurationName = Release;
		};
/* End XCConfigurationList section */
	};
	rootObject = 9CBA66CD267BCAC6006E8670 /* Project object */;
}
